
Microsoft Visual Studio Solution File, Format Version 12.00
# Visual Studio Version 17
VisualStudioVersion = 17.13.35806.99 d17.13
MinimumVisualStudioVersion = 10.0.40219.1
Project("{FAE04EC0-301F-11D3-BF4B-00C04F79EFBC}") = "CelestialUniversity", "CelestialUniversity\CelestialUniversity.csproj", "{88D122A0-FDC4-4777-AE16-782CCDFC071D}"
EndProject
Global
	GlobalSection(SolutionConfigurationPlatforms) = preSolution
		Debug|Any CPU = Debug|Any CPU
		Release|Any CPU = Release|Any CPU
	EndGlobalSection
	GlobalSection(ProjectConfigurationPlatforms) = postSolution
		{88D122A0-FDC4-4777-AE16-782CCDFC071D}.Debug|Any CPU.ActiveCfg = Debug|Any CPU
		{88D122A0-FDC4-4777-AE16-782CCDFC071D}.Debug|Any CPU.Build.0 = Debug|Any CPU
		{88D122A0-FDC4-4777-AE16-782CCDFC071D}.Release|Any CPU.ActiveCfg = Release|Any CPU
		{88D122A0-FDC4-4777-AE16-782CCDFC071D}.Release|Any CPU.Build.0 = Release|Any CPU
	EndGlobalSection
	GlobalSection(SolutionProperties) = preSolution
		HideSolutionNode = FALSE
	EndGlobalSection
	GlobalSection(ExtensibilityGlobals) = postSolution
		SolutionGuid = {A02DB676-F86C-41E0-949D-2042C5509273}
	EndGlobalSection
EndGlobal
